
Microsoft Visual Studio Solution File, Format Version 12.00
# Visual Studio Version 16
VisualStudioVersion = 16.0.29911.84
MinimumVisualStudioVersion = 10.0.40219.1
Project("{9A19103F-16F7-4668-BE54-9A1E7A4F7556}") = "DateNiteBackEndCapstone", "DateNiteBackEndCapstone\DateNiteBackEndCapstone.csproj", "{D2B39404-33FF-4FBF-9376-C2BC3744A21A}"
EndProject
Global
	GlobalSection(SolutionConfigurationPlatforms) = preSolution
		Debug|Any CPU = Debug|Any CPU
		Release|Any CPU = Release|Any CPU
	EndGlobalSection
	GlobalSection(ProjectConfigurationPlatforms) = postSolution
		{D2B39404-33FF-4FBF-9376-C2BC3744A21A}.Debug|Any CPU.ActiveCfg = Debug|Any CPU
		{D2B39404-33FF-4FBF-9376-C2BC3744A21A}.Debug|Any CPU.Build.0 = Debug|Any CPU
		{D2B39404-33FF-4FBF-9376-C2BC3744A21A}.Release|Any CPU.ActiveCfg = Release|Any CPU
		{D2B39404-33FF-4FBF-9376-C2BC3744A21A}.Release|Any CPU.Build.0 = Release|Any CPU
	EndGlobalSection
	GlobalSection(SolutionProperties) = preSolution
		HideSolutionNode = FALSE
	EndGlobalSection
	GlobalSection(ExtensibilityGlobals) = postSolution
		SolutionGuid = {3BAE4021-4CF7-477B-A3EC-8E8220B1A3C3}
	EndGlobalSection
EndGlobal
